// !$*UTF8*$!
{
	archiveVersion = 1;
	classes = {
	};
	objectVersion = 77;
	objects = {

/* Begin PBXBuildFile section */
		DA12EC8B2F176E770062E825 /* MainTabView.swift in Sources */ = {isa = PBXBuildFile; fileRef = DA12EC892F176E770062E825 /* MainTabView.swift */; };
		DA12EC8C2F176E770062E825 /* TzlilApp.swift in Sources */ = {isa = PBXBuildFile; fileRef = DA12EC8A2F176E770062E825 /* TzlilApp.swift */; };
		DA12EC8D2F176E770062E825 /* Assets.xcassets in Resources */ = {isa = PBXBuildFile; fileRef = DA12EC882F176E770062E825 /* Assets.xcassets */; };
		DA12EC932F17708E0062E825 /* Song.swift in Sources */ = {isa = PBXBuildFile; fileRef = DA12EC912F1770880062E825 /* Song.swift */; };
		DA12EC9B2F1772350062E825 /* SongRowView.swift in Sources */ = {isa = PBXBuildFile; fileRef = DA12EC9A2F1772290062E825 /* SongRowView.swift */; };
		DA12EC9D2F1772430062E825 /* MiniPlayerView.swift in Sources */ = {isa = PBXBuildFile; fileRef = DA12EC9C2F1772390062E825 /* MiniPlayerView.swift */; };
		DA12ECA02F1772740062E825 /* TzlilState.swift in Sources */ = {isa = PBXBuildFile; fileRef = DA12EC9F2F17725F0062E825 /* TzlilState.swift */; };
		DA12ECA22F1772890062E825 /* TzlilIntent.swift in Sources */ = {isa = PBXBuildFile; fileRef = DA12ECA12F17727D0062E825 /* TzlilIntent.swift */; };
		DA12ECA42F1772970062E825 /* TzlilStore.swift in Sources */ = {isa = PBXBuildFile; fileRef = DA12ECA32F17728E0062E825 /* TzlilStore.swift */; };
		DA12ECA72F1772C30062E825 /* AudioPlayer.swift in Sources */ = {isa = PBXBuildFile; fileRef = DA12ECA62F1772BB0062E825 /* AudioPlayer.swift */; };
		DA12ECA92F1772D10062E825 /* MusicService.swift in Sources */ = {isa = PBXBuildFile; fileRef = DA12ECA82F1772C70062E825 /* MusicService.swift */; };
		DAD68C822F18BD6D006452D6 /* HapticManager.swift in Sources */ = {isa = PBXBuildFile; fileRef = DAD68C812F18BD5C006452D6 /* HapticManager.swift */; };
		DADFB7582F17A35A00410173 /* FavoritesView.swift in Sources */ = {isa = PBXBuildFile; fileRef = DADFB7572F17A35000410173 /* FavoritesView.swift */; };
		DADFB75B2F17A38100410173 /* SearchView.swift in Sources */ = {isa = PBXBuildFile; fileRef = DADFB75A2F17A37900410173 /* SearchView.swift */; };
/* End PBXBuildFile section */

/* Begin PBXContainerItemProxy section */
		DA92E2992F18CA5F002896D9 /* PBXContainerItemProxy */ = {
			isa = PBXContainerItemProxy;
			containerPortal = DA03DD692F16C5EF009AEADA /* Project object */;
			proxyType = 1;
			remoteGlobalIDString = DA03DD702F16C5EF009AEADA;
			remoteInfo = Tzlil;
		};
/* End PBXContainerItemProxy section */

/* Begin PBXFileReference section */
		DA03DD712F16C5EF009AEADA /* Tzlil.app */ = {isa = PBXFileReference; explicitFileType = wrapper.application; includeInIndex = 0; path = Tzlil.app; sourceTree = BUILT_PRODUCTS_DIR; };
		DA12EC882F176E770062E825 /* Assets.xcassets */ = {isa = PBXFileReference; lastKnownFileType = folder.assetcatalog; path = Assets.xcassets; sourceTree = "<group>"; };
		DA12EC892F176E770062E825 /* MainTabView.swift */ = {isa = PBXFileReference; lastKnownFileType = sourcecode.swift; path = MainTabView.swift; sourceTree = "<group>"; };
		DA12EC8A2F176E770062E825 /* TzlilApp.swift */ = {isa = PBXFileReference; lastKnownFileType = sourcecode.swift; path = TzlilApp.swift; sourceTree = "<group>"; };
		DA12EC912F1770880062E825 /* Song.swift */ = {isa = PBXFileReference; lastKnownFileType = sourcecode.swift; path = Song.swift; sourceTree = "<group>"; };
		DA12EC9A2F1772290062E825 /* SongRowView.swift */ = {isa = PBXFileReference; lastKnownFileType = sourcecode.swift; path = SongRowView.swift; sourceTree = "<group>"; };
		DA12EC9C2F1772390062E825 /* MiniPlayerView.swift */ = {isa = PBXFileReference; lastKnownFileType = sourcecode.swift; path = MiniPlayerView.swift; sourceTree = "<group>"; };
		DA12EC9F2F17725F0062E825 /* TzlilState.swift */ = {isa = PBXFileReference; lastKnownFileType = sourcecode.swift; path = TzlilState.swift; sourceTree = "<group>"; };
		DA12ECA12F17727D0062E825 /* TzlilIntent.swift */ = {isa = PBXFileReference; lastKnownFileType = sourcecode.swift; path = TzlilIntent.swift; sourceTree = "<group>"; };
		DA12ECA32F17728E0062E825 /* TzlilStore.swift */ = {isa = PBXFileReference; lastKnownFileType = sourcecode.swift; path = TzlilStore.swift; sourceTree = "<group>"; };
		DA12ECA62F1772BB0062E825 /* AudioPlayer.swift */ = {isa = PBXFileReference; lastKnownFileType = sourcecode.swift; path = AudioPlayer.swift; sourceTree = "<group>"; };
		DA12ECA82F1772C70062E825 /* MusicService.swift */ = {isa = PBXFileReference; lastKnownFileType = sourcecode.swift; path = MusicService.swift; sourceTree = "<group>"; };
		DA92E2952F18CA5F002896D9 /* TzlilTests.xctest */ = {isa = PBXFileReference; explicitFileType = wrapper.cfbundle; includeInIndex = 0; path = TzlilTests.xctest; sourceTree = BUILT_PRODUCTS_DIR; };
		DAD68C812F18BD5C006452D6 /* HapticManager.swift */ = {isa = PBXFileReference; lastKnownFileType = sourcecode.swift; path = HapticManager.swift; sourceTree = "<group>"; };
		DADFB7572F17A35000410173 /* FavoritesView.swift */ = {isa = PBXFileReference; lastKnownFileType = sourcecode.swift; path = FavoritesView.swift; sourceTree = "<group>"; };
		DADFB75A2F17A37900410173 /* SearchView.swift */ = {isa = PBXFileReference; lastKnownFileType = sourcecode.swift; path = SearchView.swift; sourceTree = "<group>"; };
/* End PBXFileReference section */

/* Begin PBXFileSystemSynchronizedRootGroup section */
		DA92E2962F18CA5F002896D9 /* TzlilTests */ = {
			isa = PBXFileSystemSynchronizedRootGroup;
			path = TzlilTests;
			sourceTree = "<group>";
		};
/* End PBXFileSystemSynchronizedRootGroup section */

/* Begin PBXFrameworksBuildPhase section */
		DA03DD6E2F16C5EF009AEADA /* Frameworks */ = {
			isa = PBXFrameworksBuildPhase;
			buildActionMask = 2147483647;
			files = (
			);
			runOnlyForDeploymentPostprocessing = 0;
		};
		DA92E2922F18CA5F002896D9 /* Frameworks */ = {
			isa = PBXFrameworksBuildPhase;
			buildActionMask = 2147483647;
			files = (
			);
			runOnlyForDeploymentPostprocessing = 0;
		};
/* End PBXFrameworksBuildPhase section */

/* Begin PBXGroup section */
		DA03DD682F16C5EF009AEADA = {
			isa = PBXGroup;
			children = (
				DA12EC952F1771530062E825 /* Tzlil */,
				DA92E2962F18CA5F002896D9 /* TzlilTests */,
				DA03DD722F16C5EF009AEADA /* Products */,
			);
			sourceTree = "<group>";
		};
		DA03DD722F16C5EF009AEADA /* Products */ = {
			isa = PBXGroup;
			children = (
				DA03DD712F16C5EF009AEADA /* Tzlil.app */,
				DA92E2952F18CA5F002896D9 /* TzlilTests.xctest */,
			);
			name = Products;
			sourceTree = "<group>";
		};
		DA12EC952F1771530062E825 /* Tzlil */ = {
			isa = PBXGroup;
			children = (
				DA12EC962F17715E0062E825 /* App */,
				DA12EC972F17716F0062E825 /* Models */,
				DA12ECA52F1772B00062E825 /* Services */,
				DA12EC9E2F17724C0062E825 /* Architecture */,
				DA12EC982F1772050062E825 /* Views */,
				DA12EC882F176E770062E825 /* Assets.xcassets */,
			);
			path = Tzlil;
			sourceTree = "<group>";
		};
		DA12EC962F17715E0062E825 /* App */ = {
			isa = PBXGroup;
			children = (
				DA12EC8A2F176E770062E825 /* TzlilApp.swift */,
			);
			path = App;
			sourceTree = "<group>";
		};
		DA12EC972F17716F0062E825 /* Models */ = {
			isa = PBXGroup;
			children = (
				DA12EC912F1770880062E825 /* Song.swift */,
			);
			path = Models;
			sourceTree = "<group>";
		};
		DA12EC982F1772050062E825 /* Views */ = {
			isa = PBXGroup;
			children = (
				DADFB75C2F17A38B00410173 /* Main */,
				DADFB7592F17A36100410173 /* Search */,
				DADFB7562F17A34000410173 /* Favorites */,
				DADFB7552F17A2F900410173 /* Player */,
				DA12EC992F1772180062E825 /* Components */,
			);
			path = Views;
			sourceTree = "<group>";
		};
		DA12EC992F1772180062E825 /* Components */ = {
			isa = PBXGroup;
			children = (
				DA12EC9A2F1772290062E825 /* SongRowView.swift */,
			);
			path = Components;
			sourceTree = "<group>";
		};
		DA12EC9E2F17724C0062E825 /* Architecture */ = {
			isa = PBXGroup;
			children = (
				DA12EC9F2F17725F0062E825 /* TzlilState.swift */,
				DA12ECA12F17727D0062E825 /* TzlilIntent.swift */,
				DA12ECA32F17728E0062E825 /* TzlilStore.swift */,
			);
			path = Architecture;
			sourceTree = "<group>";
		};
		DA12ECA52F1772B00062E825 /* Services */ = {
			isa = PBXGroup;
			children = (
				DAD68C812F18BD5C006452D6 /* HapticManager.swift */,
				DA12ECA82F1772C70062E825 /* MusicService.swift */,
				DA12ECA62F1772BB0062E825 /* AudioPlayer.swift */,
			);
			path = Services;
			sourceTree = "<group>";
		};
		DADFB7552F17A2F900410173 /* Player */ = {
			isa = PBXGroup;
			children = (
				DA12EC9C2F1772390062E825 /* MiniPlayerView.swift */,
			);
			path = Player;
			sourceTree = "<group>";
		};
		DADFB7562F17A34000410173 /* Favorites */ = {
			isa = PBXGroup;
			children = (
				DADFB7572F17A35000410173 /* FavoritesView.swift */,
			);
			path = Favorites;
			sourceTree = "<group>";
		};
		DADFB7592F17A36100410173 /* Search */ = {
			isa = PBXGroup;
			children = (
				DADFB75A2F17A37900410173 /* SearchView.swift */,
			);
			path = Search;
			sourceTree = "<group>";
		};
		DADFB75C2F17A38B00410173 /* Main */ = {
			isa = PBXGroup;
			children = (
				DA12EC892F176E770062E825 /* MainTabView.swift */,
			);
			path = Main;
			sourceTree = "<group>";
		};
/* End PBXGroup section */

/* Begin PBXNativeTarget section */
		DA03DD702F16C5EF009AEADA /* Tzlil */ = {
			isa = PBXNativeTarget;
			buildConfigurationList = DA03DD7C2F16C5F1009AEADA /* Build configuration list for PBXNativeTarget "Tzlil" */;
			buildPhases = (
				DA03DD6D2F16C5EF009AEADA /* Sources */,
				DA03DD6E2F16C5EF009AEADA /* Frameworks */,
				DA03DD6F2F16C5EF009AEADA /* Resources */,
			);
			buildRules = (
			);
			dependencies = (
			);
			name = Tzlil;
			packageProductDependencies = (
			);
			productName = Tzlil;
			productReference = DA03DD712F16C5EF009AEADA /* Tzlil.app */;
			productType = "com.apple.product-type.application";
		};
		DA92E2942F18CA5F002896D9 /* TzlilTests */ = {
			isa = PBXNativeTarget;
			buildConfigurationList = DA92E29D2F18CA5F002896D9 /* Build configuration list for PBXNativeTarget "TzlilTests" */;
			buildPhases = (
				DA92E2912F18CA5F002896D9 /* Sources */,
				DA92E2922F18CA5F002896D9 /* Frameworks */,
				DA92E2932F18CA5F002896D9 /* Resources */,
			);
			buildRules = (
			);
			dependencies = (
				DA92E29A2F18CA5F002896D9 /* PBXTargetDependency */,
			);
			fileSystemSynchronizedGroups = (
				DA92E2962F18CA5F002896D9 /* TzlilTests */,
			);
			name = TzlilTests;
			packageProductDependencies = (
			);
			productName = TzlilTests;
			productReference = DA92E2952F18CA5F002896D9 /* TzlilTests.xctest */;
			productType = "com.apple.product-type.bundle.unit-test";
		};
/* End PBXNativeTarget section */

/* Begin PBXProject section */
		DA03DD692F16C5EF009AEADA /* Project object */ = {
			isa = PBXProject;
			attributes = {
				BuildIndependentTargetsInParallel = 1;
				LastSwiftUpdateCheck = 2620;
				LastUpgradeCheck = 2620;
				TargetAttributes = {
					DA03DD702F16C5EF009AEADA = {
						CreatedOnToolsVersion = 26.2;
					};
					DA92E2942F18CA5F002896D9 = {
						CreatedOnToolsVersion = 26.2;
						TestTargetID = DA03DD702F16C5EF009AEADA;
					};
				};
			};
			buildConfigurationList = DA03DD6C2F16C5EF009AEADA /* Build configuration list for PBXProject "Tzlil" */;
			developmentRegion = en;
			hasScannedForEncodings = 0;
			knownRegions = (
				en,
				Base,
			);
			mainGroup = DA03DD682F16C5EF009AEADA;
			minimizedProjectReferenceProxies = 1;
			preferredProjectObjectVersion = 77;
			productRefGroup = DA03DD722F16C5EF009AEADA /* Products */;
			projectDirPath = "";
			projectRoot = "";
			targets = (
				DA03DD702F16C5EF009AEADA /* Tzlil */,
				DA92E2942F18CA5F002896D9 /* TzlilTests */,
			);
		};
/* End PBXProject section */

/* Begin PBXResourcesBuildPhase section */
		DA03DD6F2F16C5EF009AEADA /* Resources */ = {
			isa = PBXResourcesBuildPhase;
			buildActionMask = 2147483647;
			files = (
				DA12EC8D2F176E770062E825 /* Assets.xcassets in Resources */,
			);
			runOnlyForDeploymentPostprocessing = 0;
		};
		DA92E2932F18CA5F002896D9 /* Resources */ = {
			isa = PBXResourcesBuildPhase;
			buildActionMask = 2147483647;
			files = (
			);
			runOnlyForDeploymentPostprocessing = 0;
		};
/* End PBXResourcesBuildPhase section */

/* Begin PBXSourcesBuildPhase section */
		DA03DD6D2F16C5EF009AEADA /* Sources */ = {
			isa = PBXSourcesBuildPhase;
			buildActionMask = 2147483647;
			files = (
				DAD68C822F18BD6D006452D6 /* HapticManager.swift in Sources */,
				DADFB7582F17A35A00410173 /* FavoritesView.swift in Sources */,
				DA12EC932F17708E0062E825 /* Song.swift in Sources */,
				DA12ECA92F1772D10062E825 /* MusicService.swift in Sources */,
				DA12ECA02F1772740062E825 /* TzlilState.swift in Sources */,
				DADFB75B2F17A38100410173 /* SearchView.swift in Sources */,
				DA12ECA72F1772C30062E825 /* AudioPlayer.swift in Sources */,
				DA12EC8B2F176E770062E825 /* MainTabView.swift in Sources */,
				DA12EC9B2F1772350062E825 /* SongRowView.swift in Sources */,
				DA12EC9D2F1772430062E825 /* MiniPlayerView.swift in Sources */,
				DA12ECA22F1772890062E825 /* TzlilIntent.swift in Sources */,
				DA12EC8C2F176E770062E825 /* TzlilApp.swift in Sources */,
				DA12ECA42F1772970062E825 /* TzlilStore.swift in Sources */,
			);
			runOnlyForDeploymentPostprocessing = 0;
		};
		DA92E2912F18CA5F002896D9 /* Sources */ = {
			isa = PBXSourcesBuildPhase;
			buildActionMask = 2147483647;
			files = (
			);
			runOnlyForDeploymentPostprocessing = 0;
		};
/* End PBXSourcesBuildPhase section */

/* Begin PBXTargetDependency section */
		DA92E29A2F18CA5F002896D9 /* PBXTargetDependency */ = {
			isa = PBXTargetDependency;
			target = DA03DD702F16C5EF009AEADA /* Tzlil */;
			targetProxy = DA92E2992F18CA5F002896D9 /* PBXContainerItemProxy */;
		};
/* End PBXTargetDependency section */

/* Begin XCBuildConfiguration section */
		DA03DD7A2F16C5F1009AEADA /* Debug */ = {
			isa = XCBuildConfiguration;
			buildSettings = {
				ALWAYS_SEARCH_USER_PATHS = NO;
				ASSETCATALOG_COMPILER_GENERATE_SWIFT_ASSET_SYMBOL_EXTENSIONS = YES;
				CLANG_ANALYZER_NONNULL = YES;
				CLANG_ANALYZER_NUMBER_OBJECT_CONVERSION = YES_AGGRESSIVE;
				CLANG_CXX_LANGUAGE_STANDARD = "gnu++20";
				CLANG_ENABLE_MODULES = YES;
				CLANG_ENABLE_OBJC_ARC = YES;
				CLANG_ENABLE_OBJC_WEAK = YES;
				CLANG_WARN_BLOCK_CAPTURE_AUTORELEASING = YES;
				CLANG_WARN_BOOL_CONVERSION = YES;
				CLANG_WARN_COMMA = YES;
				CLANG_WARN_CONSTANT_CONVERSION = YES;
				CLANG_WARN_DEPRECATED_OBJC_IMPLEMENTATIONS = YES;
				CLANG_WARN_DIRECT_OBJC_ISA_USAGE = YES_ERROR;
				CLANG_WARN_DOCUMENTATION_COMMENTS = YES;
				CLANG_WARN_EMPTY_BODY = YES;
				CLANG_WARN_ENUM_CONVERSION = YES;
				CLANG_WARN_INFINITE_RECURSION = YES;
				CLANG_WARN_INT_CONVERSION = YES;
				CLANG_WARN_NON_LITERAL_NULL_CONVERSION = YES;
				CLANG_WARN_OBJC_IMPLICIT_RETAIN_SELF = YES;
				CLANG_WARN_OBJC_LITERAL_CONVERSION = YES;
				CLANG_WARN_OBJC_ROOT_CLASS = YES_ERROR;
				CLANG_WARN_QUOTED_INCLUDE_IN_FRAMEWORK_HEADER = YES;
				CLANG_WARN_RANGE_LOOP_ANALYSIS = YES;
				CLANG_WARN_STRICT_PROTOTYPES = YES;
				CLANG_WARN_SUSPICIOUS_MOVE = YES;
				CLANG_WARN_UNGUARDED_AVAILABILITY = YES_AGGRESSIVE;
				CLANG_WARN_UNREACHABLE_CODE = YES;
				CLANG_WARN__DUPLICATE_METHOD_MATCH = YES;
				COPY_PHASE_STRIP = NO;
				DEBUG_INFORMATION_FORMAT = dwarf;
				DEVELOPMENT_TEAM = K8PSTEW7HG;
				ENABLE_STRICT_OBJC_MSGSEND = YES;
				ENABLE_TESTABILITY = YES;
				ENABLE_USER_SCRIPT_SANDBOXING = YES;
				GCC_C_LANGUAGE_STANDARD = gnu17;
				GCC_DYNAMIC_NO_PIC = NO;
				GCC_NO_COMMON_BLOCKS = YES;
				GCC_OPTIMIZATION_LEVEL = 0;
				GCC_PREPROCESSOR_DEFINITIONS = (
					"DEBUG=1",
					"$(inherited)",
				);
				GCC_WARN_64_TO_32_BIT_CONVERSION = YES;
				GCC_WARN_ABOUT_RETURN_TYPE = YES_ERROR;
				GCC_WARN_UNDECLARED_SELECTOR = YES;
				GCC_WARN_UNINITIALIZED_AUTOS = YES_AGGRESSIVE;
				GCC_WARN_UNUSED_FUNCTION = YES;
				GCC_WARN_UNUSED_VARIABLE = YES;
				LOCALIZATION_PREFERS_STRING_CATALOGS = YES;
				MTL_ENABLE_DEBUG_INFO = INCLUDE_SOURCE;
				MTL_FAST_MATH = YES;
				ONLY_ACTIVE_ARCH = YES;
				SWIFT_ACTIVE_COMPILATION_CONDITIONS = "DEBUG $(inherited)";
				SWIFT_OPTIMIZATION_LEVEL = "-Onone";
			};
			name = Debug;
		};
		DA03DD7B2F16C5F1009AEADA /* Release */ = {
			isa = XCBuildConfiguration;
			buildSettings = {
				ALWAYS_SEARCH_USER_PATHS = NO;
				ASSETCATALOG_COMPILER_GENERATE_SWIFT_ASSET_SYMBOL_EXTENSIONS = YES;
				CLANG_ANALYZER_NONNULL = YES;
				CLANG_ANALYZER_NUMBER_OBJECT_CONVERSION = YES_AGGRESSIVE;
				CLANG_CXX_LANGUAGE_STANDARD = "gnu++20";
				CLANG_ENABLE_MODULES = YES;
				CLANG_ENABLE_OBJC_ARC = YES;
				CLANG_ENABLE_OBJC_WEAK = YES;
				CLANG_WARN_BLOCK_CAPTURE_AUTORELEASING = YES;
				CLANG_WARN_BOOL_CONVERSION = YES;
				CLANG_WARN_COMMA = YES;
				CLANG_WARN_CONSTANT_CONVERSION = YES;
				CLANG_WARN_DEPRECATED_OBJC_IMPLEMENTATIONS = YES;
				CLANG_WARN_DIRECT_OBJC_ISA_USAGE = YES_ERROR;
				CLANG_WARN_DOCUMENTATION_COMMENTS = YES;
				CLANG_WARN_EMPTY_BODY = YES;
				CLANG_WARN_ENUM_CONVERSION = YES;
				CLANG_WARN_INFINITE_RECURSION = YES;
				CLANG_WARN_INT_CONVERSION = YES;
				CLANG_WARN_NON_LITERAL_NULL_CONVERSION = YES;
				CLANG_WARN_OBJC_IMPLICIT_RETAIN_SELF = YES;
				CLANG_WARN_OBJC_LITERAL_CONVERSION = YES;
				CLANG_WARN_OBJC_ROOT_CLASS = YES_ERROR;
				CLANG_WARN_QUOTED_INCLUDE_IN_FRAMEWORK_HEADER = YES;
				CLANG_WARN_RANGE_LOOP_ANALYSIS = YES;
				CLANG_WARN_STRICT_PROTOTYPES = YES;
				CLANG_WARN_SUSPICIOUS_MOVE = YES;
				CLANG_WARN_UNGUARDED_AVAILABILITY = YES_AGGRESSIVE;
				CLANG_WARN_UNREACHABLE_CODE = YES;
				CLANG_WARN__DUPLICATE_METHOD_MATCH = YES;
				COPY_PHASE_STRIP = NO;
				DEBUG_INFORMATION_FORMAT = "dwarf-with-dsym";
				DEVELOPMENT_TEAM = K8PSTEW7HG;
				ENABLE_NS_ASSERTIONS = NO;
				ENABLE_STRICT_OBJC_MSGSEND = YES;
				ENABLE_USER_SCRIPT_SANDBOXING = YES;
				GCC_C_LANGUAGE_STANDARD = gnu17;
				GCC_NO_COMMON_BLOCKS = YES;
				GCC_WARN_64_TO_32_BIT_CONVERSION = YES;
				GCC_WARN_ABOUT_RETURN_TYPE = YES_ERROR;
				GCC_WARN_UNDECLARED_SELECTOR = YES;
				GCC_WARN_UNINITIALIZED_AUTOS = YES_AGGRESSIVE;
				GCC_WARN_UNUSED_FUNCTION = YES;
				GCC_WARN_UNUSED_VARIABLE = YES;
				LOCALIZATION_PREFERS_STRING_CATALOGS = YES;
				MTL_ENABLE_DEBUG_INFO = NO;
				MTL_FAST_MATH = YES;
				SWIFT_COMPILATION_MODE = wholemodule;
			};
			name = Release;
		};
		DA03DD7D2F16C5F1009AEADA /* Debug */ = {
			isa = XCBuildConfiguration;
			buildSettings = {
				ASSETCATALOG_COMPILER_APPICON_NAME = AppIcon;
				ASSETCATALOG_COMPILER_GLOBAL_ACCENT_COLOR_NAME = AccentColor;
				CODE_SIGN_STYLE = Automatic;
				CURRENT_PROJECT_VERSION = 1;
				DEVELOPMENT_TEAM = K8PSTEW7HG;
				ENABLE_APP_SANDBOX = YES;
				ENABLE_HARDENED_RUNTIME = YES;
				ENABLE_INCOMING_NETWORK_CONNECTIONS = NO;
				ENABLE_OUTGOING_NETWORK_CONNECTIONS = YES;
				ENABLE_PREVIEWS = YES;
				ENABLE_RESOURCE_ACCESS_AUDIO_INPUT = NO;
				ENABLE_RESOURCE_ACCESS_BLUETOOTH = NO;
				ENABLE_RESOURCE_ACCESS_CALENDARS = NO;
				ENABLE_RESOURCE_ACCESS_CAMERA = NO;
				ENABLE_RESOURCE_ACCESS_CONTACTS = NO;
				ENABLE_RESOURCE_ACCESS_LOCATION = NO;
				ENABLE_RESOURCE_ACCESS_PRINTING = NO;
				ENABLE_RESOURCE_ACCESS_USB = NO;
				ENABLE_USER_SELECTED_FILES = readonly;
				GENERATE_INFOPLIST_FILE = YES;
				INFOPLIST_FILE = Tzlil/Info.plist;
				"INFOPLIST_KEY_UIApplicationSceneManifest_Generation[sdk=iphoneos*]" = YES;
				"INFOPLIST_KEY_UIApplicationSceneManifest_Generation[sdk=iphonesimulator*]" = YES;
				"INFOPLIST_KEY_UIApplicationSupportsIndirectInputEvents[sdk=iphoneos*]" = YES;
				"INFOPLIST_KEY_UIApplicationSupportsIndirectInputEvents[sdk=iphonesimulator*]" = YES;
				"INFOPLIST_KEY_UILaunchScreen_Generation[sdk=iphoneos*]" = YES;
				"INFOPLIST_KEY_UILaunchScreen_Generation[sdk=iphonesimulator*]" = YES;
				"INFOPLIST_KEY_UIStatusBarStyle[sdk=iphoneos*]" = UIStatusBarStyleDefault;
				"INFOPLIST_KEY_UIStatusBarStyle[sdk=iphonesimulator*]" = UIStatusBarStyleDefault;
				INFOPLIST_KEY_UISupportedInterfaceOrientations_iPad = "UIInterfaceOrientationPortrait UIInterfaceOrientationPortraitUpsideDown UIInterfaceOrientationLandscapeLeft UIInterfaceOrientationLandscapeRight";
				INFOPLIST_KEY_UISupportedInterfaceOrientations_iPhone = "UIInterfaceOrientationPortrait UIInterfaceOrientationLandscapeLeft UIInterfaceOrientationLandscapeRight";
				IPHONEOS_DEPLOYMENT_TARGET = 26.2;
				LD_RUNPATH_SEARCH_PATHS = "@executable_path/Frameworks";
				"LD_RUNPATH_SEARCH_PATHS[sdk=macosx*]" = "@executable_path/../Frameworks";
				MACOSX_DEPLOYMENT_TARGET = 26.2;
				MARKETING_VERSION = 1.0;
				PRODUCT_BUNDLE_IDENTIFIER = Michal.Tzlil;
				PRODUCT_NAME = "$(TARGET_NAME)";
				REGISTER_APP_GROUPS = YES;
				SDKROOT = auto;
				STRING_CATALOG_GENERATE_SYMBOLS = YES;
				SUPPORTED_PLATFORMS = "iphoneos iphonesimulator macosx xros xrsimulator";
				SWIFT_APPROACHABLE_CONCURRENCY = YES;
				SWIFT_DEFAULT_ACTOR_ISOLATION = MainActor;
				SWIFT_EMIT_LOC_STRINGS = YES;
				SWIFT_UPCOMING_FEATURE_MEMBER_IMPORT_VISIBILITY = YES;
				SWIFT_VERSION = 5.0;
				TARGETED_DEVICE_FAMILY = "1,2,7";
				XROS_DEPLOYMENT_TARGET = 26.2;
			};
			name = Debug;
		};
		DA03DD7E2F16C5F1009AEADA /* Release */ = {
			isa = XCBuildConfiguration;
			buildSettings = {
				ASSETCATALOG_COMPILER_APPICON_NAME = AppIcon;
				ASSETCATALOG_COMPILER_GLOBAL_ACCENT_COLOR_NAME = AccentColor;
				CODE_SIGN_STYLE = Automatic;
				CURRENT_PROJECT_VERSION = 1;
				DEVELOPMENT_TEAM = K8PSTEW7HG;
				ENABLE_APP_SANDBOX = YES;
				ENABLE_HARDENED_RUNTIME = YES;
				ENABLE_INCOMING_NETWORK_CONNECTIONS = NO;
				ENABLE_OUTGOING_NETWORK_CONNECTIONS = YES;
				ENABLE_PREVIEWS = YES;
				ENABLE_RESOURCE_ACCESS_AUDIO_INPUT = NO;
				ENABLE_RESOURCE_ACCESS_BLUETOOTH = NO;
				ENABLE_RESOURCE_ACCESS_CALENDARS = NO;
				ENABLE_RESOURCE_ACCESS_CAMERA = NO;
				ENABLE_RESOURCE_ACCESS_CONTACTS = NO;
				ENABLE_RESOURCE_ACCESS_LOCATION = NO;
				ENABLE_RESOURCE_ACCESS_PRINTING = NO;
				ENABLE_RESOURCE_ACCESS_USB = NO;
				ENABLE_USER_SELECTED_FILES = readonly;
				GENERATE_INFOPLIST_FILE = YES;
				INFOPLIST_FILE = Tzlil/Info.plist;
				"INFOPLIST_KEY_UIApplicationSceneManifest_Generation[sdk=iphoneos*]" = YES;
				"INFOPLIST_KEY_UIApplicationSceneManifest_Generation[sdk=iphonesimulator*]" = YES;
				"INFOPLIST_KEY_UIApplicationSupportsIndirectInputEvents[sdk=iphoneos*]" = YES;
				"INFOPLIST_KEY_UIApplicationSupportsIndirectInputEvents[sdk=iphonesimulator*]" = YES;
				"INFOPLIST_KEY_UILaunchScreen_Generation[sdk=iphoneos*]" = YES;
				"INFOPLIST_KEY_UILaunchScreen_Generation[sdk=iphonesimulator*]" = YES;
				"INFOPLIST_KEY_UIStatusBarStyle[sdk=iphoneos*]" = UIStatusBarStyleDefault;
				"INFOPLIST_KEY_UIStatusBarStyle[sdk=iphonesimulator*]" = UIStatusBarStyleDefault;
				INFOPLIST_KEY_UISupportedInterfaceOrientations_iPad = "UIInterfaceOrientationPortrait UIInterfaceOrientationPortraitUpsideDown UIInterfaceOrientationLandscapeLeft UIInterfaceOrientationLandscapeRight";
				INFOPLIST_KEY_UISupportedInterfaceOrientations_iPhone = "UIInterfaceOrientationPortrait UIInterfaceOrientationLandscapeLeft UIInterfaceOrientationLandscapeRight";
				IPHONEOS_DEPLOYMENT_TARGET = 26.2;
				LD_RUNPATH_SEARCH_PATHS = "@executable_path/Frameworks";
				"LD_RUNPATH_SEARCH_PATHS[sdk=macosx*]" = "@executable_path/../Frameworks";
				MACOSX_DEPLOYMENT_TARGET = 26.2;
				MARKETING_VERSION = 1.0;
				PRODUCT_BUNDLE_IDENTIFIER = Michal.Tzlil;
				PRODUCT_NAME = "$(TARGET_NAME)";
				REGISTER_APP_GROUPS = YES;
				SDKROOT = auto;
				STRING_CATALOG_GENERATE_SYMBOLS = YES;
				SUPPORTED_PLATFORMS = "iphoneos iphonesimulator macosx xros xrsimulator";
				SWIFT_APPROACHABLE_CONCURRENCY = YES;
				SWIFT_DEFAULT_ACTOR_ISOLATION = MainActor;
				SWIFT_EMIT_LOC_STRINGS = YES;
				SWIFT_UPCOMING_FEATURE_MEMBER_IMPORT_VISIBILITY = YES;
				SWIFT_VERSION = 5.0;
				TARGETED_DEVICE_FAMILY = "1,2,7";
				XROS_DEPLOYMENT_TARGET = 26.2;
			};
			name = Release;
		};
		DA92E29B2F18CA5F002896D9 /* Debug */ = {
			isa = XCBuildConfiguration;
			buildSettings = {
				BUNDLE_LOADER = "$(TEST_HOST)";
				CODE_SIGN_STYLE = Automatic;
				CURRENT_PROJECT_VERSION = 1;
				DEVELOPMENT_TEAM = K8PSTEW7HG;
				GENERATE_INFOPLIST_FILE = YES;
				MARKETING_VERSION = 1.0;
				PRODUCT_BUNDLE_IDENTIFIER = Michal.TzlilTests;
				PRODUCT_NAME = "$(TARGET_NAME)";
				SDKROOT = xros;
				STRING_CATALOG_GENERATE_SYMBOLS = NO;
				SUPPORTED_PLATFORMS = "iphonesimulator iphoneos";
				SWIFT_APPROACHABLE_CONCURRENCY = YES;
				SWIFT_EMIT_LOC_STRINGS = NO;
				SWIFT_UPCOMING_FEATURE_MEMBER_IMPORT_VISIBILITY = YES;
				SWIFT_VERSION = 5.0;
				TARGETED_DEVICE_FAMILY = 7;
				TEST_HOST = "$(BUILT_PRODUCTS_DIR)/Tzlil.app/$(BUNDLE_EXECUTABLE_FOLDER_PATH)/Tzlil";
				XROS_DEPLOYMENT_TARGET = 26.2;
			};
			name = Debug;
		};
		DA92E29C2F18CA5F002896D9 /* Release */ = {
			isa = XCBuildConfiguration;
			buildSettings = {
				BUNDLE_LOADER = "$(TEST_HOST)";
				CODE_SIGN_STYLE = Automatic;
				CURRENT_PROJECT_VERSION = 1;
				DEVELOPMENT_TEAM = K8PSTEW7HG;
				GENERATE_INFOPLIST_FILE = YES;
				MARKETING_VERSION = 1.0;
				PRODUCT_BUNDLE_IDENTIFIER = Michal.TzlilTests;
				PRODUCT_NAME = "$(TARGET_NAME)";
				SDKROOT = xros;
				STRING_CATALOG_GENERATE_SYMBOLS = NO;
				SUPPORTED_PLATFORMS = "iphonesimulator iphoneos";
				SWIFT_APPROACHABLE_CONCURRENCY = YES;
				SWIFT_EMIT_LOC_STRINGS = NO;
				SWIFT_UPCOMING_FEATURE_MEMBER_IMPORT_VISIBILITY = YES;
				SWIFT_VERSION = 5.0;
				TARGETED_DEVICE_FAMILY = 7;
				TEST_HOST = "$(BUILT_PRODUCTS_DIR)/Tzlil.app/$(BUNDLE_EXECUTABLE_FOLDER_PATH)/Tzlil";
				VALIDATE_PRODUCT = YES;
				XROS_DEPLOYMENT_TARGET = 26.2;
			};
			name = Release;
		};
/* End XCBuildConfiguration section */

/* Begin XCConfigurationList section */
		DA03DD6C2F16C5EF009AEADA /* Build configuration list for PBXProject "Tzlil" */ = {
			isa = XCConfigurationList;
			buildConfigurations = (
				DA03DD7A2F16C5F1009AEADA /* Debug */,
				DA03DD7B2F16C5F1009AEADA /* Release */,
			);
			defaultConfigurationIsVisible = 0;
			defaultConfigurationName = Release;
		};
		DA03DD7C2F16C5F1009AEADA /* Build configuration list for PBXNativeTarget "Tzlil" */ = {
			isa = XCConfigurationList;
			buildConfigurations = (
				DA03DD7D2F16C5F1009AEADA /* Debug */,
				DA03DD7E2F16C5F1009AEADA /* Release */,
			);
			defaultConfigurationIsVisible = 0;
			defaultConfigurationName = Release;
		};
		DA92E29D2F18CA5F002896D9 /* Build configuration list for PBXNativeTarget "TzlilTests" */ = {
			isa = XCConfigurationList;
			buildConfigurations = (
				DA92E29B2F18CA5F002896D9 /* Debug */,
				DA92E29C2F18CA5F002896D9 /* Release */,
			);
			defaultConfigurationIsVisible = 0;
			defaultConfigurationName = Release;
		};
/* End XCConfigurationList section */
	};
	rootObject = DA03DD692F16C5EF009AEADA /* Project object */;
}
